
Microsoft Visual Studio Solution File, Format Version 11.00
# Visual Studio 2010
Project("{FAE04EC0-301F-11D3-BF4B-00C04F79EFBC}") = "ProjectEuler", "ProjectEuler\ProjectEuler.csproj", "{88D922FC-EFF4-4108-B798-3D6E162F34D5}"
EndProject
Project("{FAE04EC0-301F-11D3-BF4B-00C04F79EFBC}") = "ProjectEulerTests", "ProjectEulerTests\ProjectEulerTests.csproj", "{E5E3DF03-C08C-401E-B1D5-00F43CCC3EA5}"
EndProject
Project("{2150E333-8FDC-42A3-9474-1A3956D46DE8}") = "Solution Items", "Solution Items", "{1B2899DC-92A9-4655-9814-30CBCE7BA17A}"
	ProjectSection(SolutionItems) = preProject
		Local.testsettings = Local.testsettings
		ProjectEuler.vsmdi = ProjectEuler.vsmdi
		TraceAndTestImpact.testsettings = TraceAndTestImpact.testsettings
	EndProjectSection
EndProject
Global
	GlobalSection(TestCaseManagementSettings) = postSolution
		CategoryFile = ProjectEuler.vsmdi
	EndGlobalSection
	GlobalSection(SolutionConfigurationPlatforms) = preSolution
		Debug|Any CPU = Debug|Any CPU
		Release|Any CPU = Release|Any CPU
	EndGlobalSection
	GlobalSection(ProjectConfigurationPlatforms) = postSolution
		{88D922FC-EFF4-4108-B798-3D6E162F34D5}.Debug|Any CPU.ActiveCfg = Debug|Any CPU
		{88D922FC-EFF4-4108-B798-3D6E162F34D5}.Debug|Any CPU.Build.0 = Debug|Any CPU
		{88D922FC-EFF4-4108-B798-3D6E162F34D5}.Release|Any CPU.ActiveCfg = Release|Any CPU
		{88D922FC-EFF4-4108-B798-3D6E162F34D5}.Release|Any CPU.Build.0 = Release|Any CPU
		{E5E3DF03-C08C-401E-B1D5-00F43CCC3EA5}.Debug|Any CPU.ActiveCfg = Debug|Any CPU
		{E5E3DF03-C08C-401E-B1D5-00F43CCC3EA5}.Debug|Any CPU.Build.0 = Debug|Any CPU
		{E5E3DF03-C08C-401E-B1D5-00F43CCC3EA5}.Release|Any CPU.ActiveCfg = Release|Any CPU
		{E5E3DF03-C08C-401E-B1D5-00F43CCC3EA5}.Release|Any CPU.Build.0 = Release|Any CPU
	EndGlobalSection
	GlobalSection(SolutionProperties) = preSolution
		HideSolutionNode = FALSE
	EndGlobalSection
EndGlobal
